
Microsoft Visual Studio Solution File, Format Version 12.00
# Visual Studio Version 17
VisualStudioVersion = 17.11.35303.130
MinimumVisualStudioVersion = 10.0.40219.1
Project("{FAE04EC0-301F-11D3-BF4B-00C04F79EFBC}") = "atrakcjeZamoscia", "atrakcjeZamoscia\atrakcjeZamoscia.csproj", "{BD4B876E-41C4-4F21-91C5-09C3BAFAA3B1}"
EndProject
Global
	GlobalSection(SolutionConfigurationPlatforms) = preSolution
		Debug|Any CPU = Debug|Any CPU
		Release|Any CPU = Release|Any CPU
	EndGlobalSection
	GlobalSection(ProjectConfigurationPlatforms) = postSolution
		{BD4B876E-41C4-4F21-91C5-09C3BAFAA3B1}.Debug|Any CPU.ActiveCfg = Debug|Any CPU
		{BD4B876E-41C4-4F21-91C5-09C3BAFAA3B1}.Debug|Any CPU.Build.0 = Debug|Any CPU
		{BD4B876E-41C4-4F21-91C5-09C3BAFAA3B1}.Debug|Any CPU.Deploy.0 = Debug|Any CPU
		{BD4B876E-41C4-4F21-91C5-09C3BAFAA3B1}.Release|Any CPU.ActiveCfg = Release|Any CPU
		{BD4B876E-41C4-4F21-91C5-09C3BAFAA3B1}.Release|Any CPU.Build.0 = Release|Any CPU
		{BD4B876E-41C4-4F21-91C5-09C3BAFAA3B1}.Release|Any CPU.Deploy.0 = Release|Any CPU
	EndGlobalSection
	GlobalSection(SolutionProperties) = preSolution
		HideSolutionNode = FALSE
	EndGlobalSection
	GlobalSection(ExtensibilityGlobals) = postSolution
		SolutionGuid = {63E16367-F585-4FB7-BD5D-6E0CD3DB5E2A}
	EndGlobalSection
EndGlobal
